{
  "projects": [
    {
      "projectId": "YUiM7yqBWAqsh8KSnrdj7",
      "version": "0.35.0",
      "dependencies": {},
      "lang": "ts",
      "fileLocks": [
        {
          "assetId": "YUiM7yqBWAqsh8KSnrdj7",
          "type": "projectCss",
          "checksum": "21b499a9da4edbc2266c72c2ba127787"
        }
      ],
      "codegenVersion": "0.0.1"
    },
    {
      "projectId": "i3z63WaCLuRiSZRBwZC8d1",
      "version": "6.22.0",
      "dependencies": {},
      "lang": "ts",
      "fileLocks": [
        {
          "assetId": "i3z63WaCLuRiSZRBwZC8d1",
          "checksum": "3089ab78e1598a027663c6ac32f67dab",
          "type": "globalContexts"
        },
        {
          "assetId": "i3z63WaCLuRiSZRBwZC8d1",
          "type": "projectCss",
          "checksum": "1c02168c6b23256606111fdfdbb63549"
        }
      ],
      "codegenVersion": "0.0.1"
    },
    {
      "projectId": "xp1p7dmg329XVLHyuEUxD2",
      "version": "11.37.0",
      "dependencies": {},
      "lang": "ts",
      "fileLocks": [
        {
          "assetId": "xp1p7dmg329XVLHyuEUxD2",
          "type": "projectCss",
          "checksum": "933cd204534693a242d79a66a236e23d"
        }
      ],
      "codegenVersion": "0.0.1"
    },
    {
      "projectId": "r3ASNrnyvLLLAtDvzUioQ",
      "version": "4.10.0",
      "dependencies": {},
      "lang": "ts",
      "fileLocks": [
        {
          "assetId": "r3ASNrnyvLLLAtDvzUioQ",
          "type": "projectCss",
          "checksum": "1c02168c6b23256606111fdfdbb63549"
        }
      ],
      "codegenVersion": "0.0.1"
    },
    {
      "projectId": "ohDidvG9XsCeFumugENU3J",
      "version": "6.31.0",
      "dependencies": {},
      "lang": "ts",
      "fileLocks": [
        {
          "assetId": "ohDidvG9XsCeFumugENU3J",
          "checksum": "f9cc098ce5640eefe7d9edb8470a210c",
          "type": "globalContexts"
        },
        {
          "assetId": "ohDidvG9XsCeFumugENU3J",
          "type": "projectCss",
          "checksum": "ba2a60a163fca4f4d510275088a2be53"
        }
      ],
      "codegenVersion": "0.0.1"
    },
    {
      "projectId": "7nJ7UcFmq9UzB6eXfC5z4a",
      "version": "0.33.0",
      "dependencies": {},
      "lang": "ts",
      "fileLocks": [
        {
          "assetId": "7nJ7UcFmq9UzB6eXfC5z4a",
          "type": "projectCss",
          "checksum": "01e8cee5b9ce00fbc93f494c2a40dbf1"
        }
      ],
      "codegenVersion": "0.0.1"
    },
    {
      "projectId": "heL2P6rJiLNgtnBJPb6i1m",
      "version": "latest",
      "dependencies": {
        "7nJ7UcFmq9UzB6eXfC5z4a": "0.33.0",
        "ohDidvG9XsCeFumugENU3J": "6.31.0",
        "r3ASNrnyvLLLAtDvzUioQ": "4.10.0",
        "xp1p7dmg329XVLHyuEUxD2": "11.37.0",
        "i3z63WaCLuRiSZRBwZC8d1": "6.22.0",
        "YUiM7yqBWAqsh8KSnrdj7": "0.35.0",
        "58GpZjZCWTaJ8AUhpCwt2K": "3.30.0",
        "caTPwKxj5ZrD9LQ7DMdK4Z": "3.42.0",
        "84wxoth5npGrp6RRXPL88z": "4.32.0",
        "5dGW8Awro3qq8Hh5MveXLP": "1.30.0",
        "9Vr5YWkf3w7jj6SsTcCEta": "0.15.0"
      },
      "lang": "ts",
      "fileLocks": [
        {
          "type": "globalVariant",
          "assetId": "6hzia3m7Np4ulu",
          "checksum": "9e3b718107dedfbc14f578e71f577094"
        },
        {
          "assetId": "heL2P6rJiLNgtnBJPb6i1m",
          "checksum": "0a2de27842b23662ce3a25ca90bfa225",
          "type": "globalContexts"
        },
        {
          "type": "renderModule",
          "assetId": "HsoJyy15p4bPd",
          "checksum": "56efc18cdc449ba53bc9435a27ee1021"
        },
        {
          "type": "cssRules",
          "assetId": "HsoJyy15p4bPd",
          "checksum": "56efc18cdc449ba53bc9435a27ee1021"
        },
        {
          "type": "renderModule",
          "assetId": "GMAR4VOl00",
          "checksum": "8624af4458bcd31574dccae1a629fa44"
        },
        {
          "type": "cssRules",
          "assetId": "GMAR4VOl00",
          "checksum": "8624af4458bcd31574dccae1a629fa44"
        },
        {
          "type": "renderModule",
          "assetId": "zY4oOp60G2",
          "checksum": "d963a265b236b68554605b1df1b30f0a"
        },
        {
          "type": "cssRules",
          "assetId": "zY4oOp60G2",
          "checksum": "d963a265b236b68554605b1df1b30f0a"
        },
        {
          "type": "renderModule",
          "assetId": "JoyE-OflfH",
          "checksum": "b34b48adaaabd4471fb4bfe7280a7469"
        },
        {
          "type": "cssRules",
          "assetId": "JoyE-OflfH",
          "checksum": "b34b48adaaabd4471fb4bfe7280a7469"
        },
        {
          "type": "renderModule",
          "assetId": "yEsI5slGwPm",
          "checksum": "69a56d9f7d0d3ebc44fcca6bd0265646"
        },
        {
          "type": "cssRules",
          "assetId": "yEsI5slGwPm",
          "checksum": "69a56d9f7d0d3ebc44fcca6bd0265646"
        },
        {
          "type": "renderModule",
          "assetId": "mZogRkwS1rd",
          "checksum": "b0669430f65fb4a42effd1ac0499e501"
        },
        {
          "type": "cssRules",
          "assetId": "mZogRkwS1rd",
          "checksum": "b0669430f65fb4a42effd1ac0499e501"
        },
        {
          "type": "renderModule",
          "assetId": "qeyEUvMFwY",
          "checksum": "0e29a975fce83083d5f50606f419e849"
        },
        {
          "type": "cssRules",
          "assetId": "qeyEUvMFwY",
          "checksum": "0e29a975fce83083d5f50606f419e849"
        },
        {
          "type": "renderModule",
          "assetId": "puddzmp5Gp",
          "checksum": "54259e8969d5b7dddc7f857ccf3c3e65"
        },
        {
          "type": "cssRules",
          "assetId": "puddzmp5Gp",
          "checksum": "54259e8969d5b7dddc7f857ccf3c3e65"
        },
        {
          "type": "renderModule",
          "assetId": "aGq0s302rH",
          "checksum": "a5dbd8c6a8229505d349c2a2e648a45c"
        },
        {
          "type": "cssRules",
          "assetId": "aGq0s302rH",
          "checksum": "a5dbd8c6a8229505d349c2a2e648a45c"
        },
        {
          "type": "renderModule",
          "assetId": "Y6q1pqli4zM",
          "checksum": "569687ba2b92c7654f2197cca7106472"
        },
        {
          "type": "cssRules",
          "assetId": "Y6q1pqli4zM",
          "checksum": "569687ba2b92c7654f2197cca7106472"
        },
        {
          "type": "renderModule",
          "assetId": "sFlg1tQbot",
          "checksum": "d75b2a20a80e1fb017fa6433d371a0a6"
        },
        {
          "type": "cssRules",
          "assetId": "sFlg1tQbot",
          "checksum": "d75b2a20a80e1fb017fa6433d371a0a6"
        },
        {
          "type": "renderModule",
          "assetId": "VpRM2nIn0R",
          "checksum": "a585fbe9898996420237af3d8a924e14"
        },
        {
          "type": "cssRules",
          "assetId": "VpRM2nIn0R",
          "checksum": "a585fbe9898996420237af3d8a924e14"
        },
        {
          "type": "renderModule",
          "assetId": "Ft4Mem_Zab",
          "checksum": "dc9d3257a03c9fa9413f119616b05c22"
        },
        {
          "type": "cssRules",
          "assetId": "Ft4Mem_Zab",
          "checksum": "dc9d3257a03c9fa9413f119616b05c22"
        },
        {
          "type": "renderModule",
          "assetId": "NFEkw9xPSE",
          "checksum": "8f25174333b34f7943fa144dfd4e9ee5"
        },
        {
          "type": "cssRules",
          "assetId": "NFEkw9xPSE",
          "checksum": "8f25174333b34f7943fa144dfd4e9ee5"
        },
        {
          "type": "renderModule",
          "assetId": "Gp2VtwSwUbo",
          "checksum": "024c4939acea4cea8070a97b411db34d"
        },
        {
          "type": "cssRules",
          "assetId": "Gp2VtwSwUbo",
          "checksum": "024c4939acea4cea8070a97b411db34d"
        },
        {
          "type": "renderModule",
          "assetId": "LflRXS5a9uB",
          "checksum": "f870bc92a6e65915781afb2a9bfd865c"
        },
        {
          "type": "cssRules",
          "assetId": "LflRXS5a9uB",
          "checksum": "f870bc92a6e65915781afb2a9bfd865c"
        },
        {
          "type": "renderModule",
          "assetId": "4zYX0j05aN3",
          "checksum": "8891d6b0abf74d0643b520d78643c314"
        },
        {
          "type": "cssRules",
          "assetId": "4zYX0j05aN3",
          "checksum": "8891d6b0abf74d0643b520d78643c314"
        },
        {
          "type": "renderModule",
          "assetId": "BUE2LdR7dya",
          "checksum": "05f5c05b5cf29d5f9c530f8cb89684f4"
        },
        {
          "type": "cssRules",
          "assetId": "BUE2LdR7dya",
          "checksum": "05f5c05b5cf29d5f9c530f8cb89684f4"
        },
        {
          "type": "renderModule",
          "assetId": "q3NSBnBYzH",
          "checksum": "e306ad0b9d58fc62b6bb889d3580e3a7"
        },
        {
          "type": "cssRules",
          "assetId": "q3NSBnBYzH",
          "checksum": "e306ad0b9d58fc62b6bb889d3580e3a7"
        },
        {
          "type": "renderModule",
          "assetId": "_OYPpEm8jga",
          "checksum": "d8c389d205f181951e815430769ebae9"
        },
        {
          "type": "cssRules",
          "assetId": "_OYPpEm8jga",
          "checksum": "d8c389d205f181951e815430769ebae9"
        },
        {
          "type": "renderModule",
          "assetId": "R6tZZ6EQ-gsb",
          "checksum": "9d080b73bc21de21655585a74b7d1114"
        },
        {
          "type": "cssRules",
          "assetId": "R6tZZ6EQ-gsb",
          "checksum": "9d080b73bc21de21655585a74b7d1114"
        },
        {
          "type": "renderModule",
          "assetId": "50I_Uslx5bS3",
          "checksum": "f6a9d6730b6d0d892ca2113be6e774bb"
        },
        {
          "type": "cssRules",
          "assetId": "50I_Uslx5bS3",
          "checksum": "f6a9d6730b6d0d892ca2113be6e774bb"
        },
        {
          "type": "renderModule",
          "assetId": "DUKvgkpbeBWf",
          "checksum": "ae095ddc2518a527c34e9e4614d06753"
        },
        {
          "type": "cssRules",
          "assetId": "DUKvgkpbeBWf",
          "checksum": "ae095ddc2518a527c34e9e4614d06753"
        },
        {
          "type": "renderModule",
          "assetId": "dIysgpuSQtRE",
          "checksum": "5bba34805329cf25a578cf541839d4b3"
        },
        {
          "type": "cssRules",
          "assetId": "dIysgpuSQtRE",
          "checksum": "5bba34805329cf25a578cf541839d4b3"
        },
        {
          "type": "renderModule",
          "assetId": "PSeXEG18MHGr",
          "checksum": "947ca2d2133c86e0e290c8b8e3b6c17d"
        },
        {
          "type": "cssRules",
          "assetId": "PSeXEG18MHGr",
          "checksum": "947ca2d2133c86e0e290c8b8e3b6c17d"
        },
        {
          "type": "icon",
          "assetId": "v3q4aVpi02",
          "checksum": "fd33b59de3016131bbc18ea3c6b386b7"
        },
        {
          "type": "icon",
          "assetId": "ew07hyuAC0c",
          "checksum": "1fc199545285f61444eaf67c159fdfae"
        },
        {
          "type": "icon",
          "assetId": "3r4KXWygi9v",
          "checksum": "7c6a922d03d2b18553ac7a9d2cb95f84"
        },
        {
          "type": "icon",
          "assetId": "E3DB21mRkOyk",
          "checksum": "86f9611392c100dfd904ed1b49e4027c"
        },
        {
          "type": "icon",
          "assetId": "aWpYgDS_d3jS",
          "checksum": "fcf8f85b0a917437770b976f69e19fe5"
        },
        {
          "type": "icon",
          "assetId": "4WzRkM3mTNlI",
          "checksum": "2dcd76a67c0e0d18507295231e421da2"
        },
        {
          "type": "icon",
          "assetId": "RqINMsIJ-W",
          "checksum": "f40e5cca25e7bc41c5b925ef2a2dafa0"
        },
        {
          "type": "icon",
          "assetId": "KZQE5ZiL9X",
          "checksum": "55a25fed068edfb7f15316bbec5a5e9e"
        },
        {
          "type": "icon",
          "assetId": "QybYSQyE3W",
          "checksum": "85ae6591ea31b78fb0faa23f60596a3f"
        },
        {
          "type": "icon",
          "assetId": "iGJtLc9clP",
          "checksum": "5e86603949baab6b4f8b3e9b398b0625"
        },
        {
          "type": "icon",
          "assetId": "otd7TS4DBl",
          "checksum": "a111e75e70298a45d6328738edeb8eef"
        },
        {
          "type": "icon",
          "assetId": "oQzNm4IQ8Jc",
          "checksum": "9df3a1b909866b65e235d4e1964b0be9"
        },
        {
          "type": "icon",
          "assetId": "V7YDwEX2Uw9",
          "checksum": "52e61b25c0c2c3b0a18a8b49df83449c"
        },
        {
          "type": "icon",
          "assetId": "nDazK5xy2JG",
          "checksum": "de9dabd68c70529e5dcf562a42ef16d8"
        },
        {
          "type": "icon",
          "assetId": "Sda_FOaa30u",
          "checksum": "d5fa6f04bc2a8d49ebb48787d39caccf"
        },
        {
          "type": "icon",
          "assetId": "3ivV_Jsyuv2",
          "checksum": "ca1e0b62cbb6c850af679bad539774d6"
        },
        {
          "type": "icon",
          "assetId": "Yj7SOZMT122",
          "checksum": "483852d109caa47706d3cc37c83e2354"
        },
        {
          "type": "icon",
          "assetId": "ZrO-7nzknCPT",
          "checksum": "ea9391451b4bc5ed388afa5453753bb2"
        },
        {
          "type": "icon",
          "assetId": "AltOIFs52szI",
          "checksum": "f3e6863b6af28a66d0fbb4d4e9654736"
        },
        {
          "type": "icon",
          "assetId": "oo9zvXXIVhzp",
          "checksum": "ad4f14784f815e4661a6c968bc8b0d9e"
        },
        {
          "type": "icon",
          "assetId": "MwIlfRiCxnsi",
          "checksum": "091d0f2acb51a761290163c5ef9d208c"
        },
        {
          "type": "image",
          "assetId": "UIvrCEyXZFH3",
          "checksum": "d44fbf1d48db4ae02fa02d9830aed060"
        },
        {
          "type": "image",
          "assetId": "OB4grk6zK4kj",
          "checksum": "efff3b456c5f13db913158ec1a921ac7"
        },
        {
          "type": "image",
          "assetId": "PVXJFu7DxasD",
          "checksum": "aceda249bf4e174d2dd8c282a52dcaa6"
        },
        {
          "type": "image",
          "assetId": "R8tLZ5hhlv-o",
          "checksum": "3763e2cfbd072ba16665d437ea1db389"
        },
        {
          "type": "image",
          "assetId": "VODEBe-WPDst",
          "checksum": "131f005780401c61eefa40079cb23f10"
        },
        {
          "type": "image",
          "assetId": "QwzskVu1ipCB",
          "checksum": "066c762e1782423c16e906002c5e5b32"
        },
        {
          "type": "image",
          "assetId": "U_cw3ymfh31v",
          "checksum": "141f7a3f5e601b7a3015d289937904d5"
        },
        {
          "type": "image",
          "assetId": "99P8c26fSYZP",
          "checksum": "c245924263fd6bec2f51edbb578dd2f1"
        },
        {
          "type": "renderModule",
          "assetId": "4iMp3co2mNSz",
          "checksum": "36ad0ad7f1b43b34a1b4cbf3aacb3270"
        },
        {
          "type": "cssRules",
          "assetId": "4iMp3co2mNSz",
          "checksum": "36ad0ad7f1b43b34a1b4cbf3aacb3270"
        },
        {
          "type": "renderModule",
          "assetId": "Wsp5Dvtab1WW",
          "checksum": "25721dd94afda1e74e52870b4ec5ac91"
        },
        {
          "type": "cssRules",
          "assetId": "Wsp5Dvtab1WW",
          "checksum": "25721dd94afda1e74e52870b4ec5ac91"
        },
        {
          "type": "renderModule",
          "assetId": "cuLrZTUy4Zrk",
          "checksum": "9efe271736173bd4c68e69746118d03d"
        },
        {
          "type": "cssRules",
          "assetId": "cuLrZTUy4Zrk",
          "checksum": "9efe271736173bd4c68e69746118d03d"
        },
        {
          "type": "renderModule",
          "assetId": "AyNa8RYOflZ1",
          "checksum": "043e171d55073e9237e7802568a8e47b"
        },
        {
          "type": "cssRules",
          "assetId": "AyNa8RYOflZ1",
          "checksum": "043e171d55073e9237e7802568a8e47b"
        },
        {
          "type": "renderModule",
          "assetId": "J2WSooeINI37",
          "checksum": "b2cece24e890fe02bd5ea5ad9c2d4f42"
        },
        {
          "type": "cssRules",
          "assetId": "J2WSooeINI37",
          "checksum": "b2cece24e890fe02bd5ea5ad9c2d4f42"
        },
        {
          "type": "renderModule",
          "assetId": "gApc9GaJbE-W",
          "checksum": "d4edbb3ce1819856650ad7f0d94452bc"
        },
        {
          "type": "cssRules",
          "assetId": "gApc9GaJbE-W",
          "checksum": "d4edbb3ce1819856650ad7f0d94452bc"
        },
        {
          "type": "renderModule",
          "assetId": "syLRwR791FKc",
          "checksum": "764f6ae8fc501bf92eb0864580454b5d"
        },
        {
          "type": "cssRules",
          "assetId": "syLRwR791FKc",
          "checksum": "764f6ae8fc501bf92eb0864580454b5d"
        },
        {
          "type": "renderModule",
          "assetId": "8lDLSe2pjxsn",
          "checksum": "b53f2b0994b98ceb0860279f54308559"
        },
        {
          "type": "cssRules",
          "assetId": "8lDLSe2pjxsn",
          "checksum": "b53f2b0994b98ceb0860279f54308559"
        },
        {
          "type": "renderModule",
          "assetId": "rn3UT2TkjKH0",
          "checksum": "2ace04c3723dcadd492714dd2b74ef6f"
        },
        {
          "type": "cssRules",
          "assetId": "rn3UT2TkjKH0",
          "checksum": "2ace04c3723dcadd492714dd2b74ef6f"
        },
        {
          "type": "icon",
          "assetId": "PQQuz_M9AHH3",
          "checksum": "f45e81e1e144139f52d59b1a991d6b80"
        },
        {
          "type": "icon",
          "assetId": "EORfQy0Jztah",
          "checksum": "0f8785e969e12ffcfd1c017f31b0e1a3"
        },
        {
          "type": "image",
          "assetId": "aU7oO5qZFnoC",
          "checksum": "44a9ee1e7dadf04cc2bce0d755d26ea3"
        },
        {
          "type": "image",
          "assetId": "Qcs7yLJsqeZU",
          "checksum": "135eb3f68a91cd9b5d69cec0800985fa"
        },
        {
          "type": "image",
          "assetId": "bm198W4T_5Lu",
          "checksum": "ae97ed9c1d226a2b4224dac4b7551708"
        },
        {
          "type": "image",
          "assetId": "z0nLtX02LAg9",
          "checksum": "fc9b92652e250df026ea4e3ed8bb3e78"
        },
        {
          "type": "image",
          "assetId": "BVK8FF1ZpcDB",
          "checksum": "7a06103b596380adfa8cd8ccd4cc1911"
        },
        {
          "type": "image",
          "assetId": "S2sE8fYPUYv0",
          "checksum": "aa6d32c7acbde3e3663f0bd3c14b18df"
        },
        {
          "type": "image",
          "assetId": "sedPH_504UVW",
          "checksum": "8bc802f5d3f050be740fb7f908acde27"
        },
        {
          "type": "renderModule",
          "assetId": "iT6In2ggLenM",
          "checksum": "f36877fb67b9b74fd492d83c7dab3ab9"
        },
        {
          "type": "cssRules",
          "assetId": "iT6In2ggLenM",
          "checksum": "f36877fb67b9b74fd492d83c7dab3ab9"
        },
        {
          "type": "image",
          "assetId": "DomACiRa_E1R",
          "checksum": "d8ed90a136761a0dff35bfd735842a2e"
        },
        {
          "type": "image",
          "assetId": "cnK6pQpf6gby",
          "checksum": "bb8b8a243b532e70532f2bfb9307c97a"
        },
        {
          "type": "image",
          "assetId": "XGynGy37SVFJ",
          "checksum": "1ca50fa1e8a4bfa47355f43d53b98284"
        },
        {
          "type": "image",
          "assetId": "l2rmIRh18XnV",
          "checksum": "b878e5fb3af194e07aedec6957aa629b"
        },
        {
          "type": "image",
          "assetId": "xcLLk6-VICh2",
          "checksum": "1fe47722af3ffe7daffa9183fd344e5a"
        },
        {
          "type": "image",
          "assetId": "5Ru3NdfXQ5uP",
          "checksum": "cd936d91c5da677c636bd16a7c8a1ca2"
        },
        {
          "type": "image",
          "assetId": "5kjM3OXmdSlw",
          "checksum": "e196a6de66cc5cc4c6c55e00e298bca3"
        },
        {
          "type": "image",
          "assetId": "CyyOhDed0FNY",
          "checksum": "aa2aee7a6151eeeaf930f886e5e008a3"
        },
        {
          "type": "image",
          "assetId": "Dvk5tCz0nv7q",
          "checksum": "3d35ad0994c556b42cbac65243910a60"
        },
        {
          "type": "image",
          "assetId": "T47pPW-_cxcP",
          "checksum": "760fc6591bc313853388f2343d05c30d"
        },
        {
          "type": "image",
          "assetId": "i7_ZQmN7YG1O",
          "checksum": "10f8cc1939bc814edc7858fe982e3276"
        },
        {
          "type": "image",
          "assetId": "s87CGnDlf48S",
          "checksum": "9f7ebfa1aa4eaceea47d678ffcf56833"
        },
        {
          "type": "image",
          "assetId": "xDnfB61bjs7B",
          "checksum": "8c9b008ce3d376d7e7a448771002fe8b"
        },
        {
          "type": "image",
          "assetId": "sCBWN9j6nuFN",
          "checksum": "5f70bee1a1655eab8acef77336c8e2fc"
        },
        {
          "type": "image",
          "assetId": "O4_cx28tO0L5",
          "checksum": "ef2031a6391afd5d05916474aa15ec44"
        },
        {
          "type": "image",
          "assetId": "OSXgwxbJqUjF",
          "checksum": "75926b15b49fbeecd52342031c8b24cc"
        },
        {
          "type": "image",
          "assetId": "xq4JwV99ZCGu",
          "checksum": "b99eabc031b3ff0c7d048129f6132d77"
        },
        {
          "type": "image",
          "assetId": "sAtNS8-YXil3",
          "checksum": "06d1025fbf8ea85018fc9dc4624f1bac"
        },
        {
          "type": "image",
          "assetId": "qQ8NGu57P2xa",
          "checksum": "3dc6514b9826cdaff0a260aab9c5ca5d"
        },
        {
          "type": "image",
          "assetId": "9LbHUBMqgWza",
          "checksum": "e46325a2e2c85a2b36eea8b59b8c38e0"
        },
        {
          "type": "image",
          "assetId": "lF9Zg6SHxpbu",
          "checksum": "fb5ad33e87c702c25f9b75bef9cbc09d"
        },
        {
          "type": "image",
          "assetId": "Muh4apjoPfXq",
          "checksum": "1f07ae8121790f02205366e4265db76e"
        },
        {
          "type": "image",
          "assetId": "cMopkdbIQV-e",
          "checksum": "76e53cb86d920f31d2032783c07e02aa"
        },
        {
          "type": "image",
          "assetId": "wspNExGlEm0m",
          "checksum": "9244cebba29eb58ad4ccc6e218696fe8"
        },
        {
          "type": "image",
          "assetId": "kkoARAuLajoM",
          "checksum": "7581df564d3bbf168a5bcca380bac1d0"
        },
        {
          "type": "image",
          "assetId": "4DlKgqYJVtgA",
          "checksum": "c6b7d5ddd4a66d1e30b5d46d1a8116f6"
        },
        {
          "type": "image",
          "assetId": "rqFwWH3sGFTz",
          "checksum": "2ddba8cd38bb6fbdc6a340e1bb734fdd"
        },
        {
          "type": "image",
          "assetId": "SE7Af39RgXX9",
          "checksum": "6c2e3c33cdfbe40be701d9611b3a14a4"
        },
        {
          "type": "image",
          "assetId": "y8ICI-jdGZn-",
          "checksum": "c0a45869a973fd5b803a153f8b09e87c"
        },
        {
          "type": "image",
          "assetId": "P6mevrRMtpl3",
          "checksum": "16faea6959de42f9106d849785f35bee"
        },
        {
          "type": "image",
          "assetId": "d3HJNOCougV9",
          "checksum": "be89167a2949768a51c3f60101b2dc7d"
        },
        {
          "type": "image",
          "assetId": "RclwS_2lUgJ3",
          "checksum": "e964afca0a1ad9ba8f043ac9f854f5d2"
        },
        {
          "type": "image",
          "assetId": "EJ9T2bExdAkH",
          "checksum": "f430c5cc525d600256bb9ad841538a74"
        },
        {
          "type": "image",
          "assetId": "agoThIoXo7Q8",
          "checksum": "d01a48b082326f755e03a480a496f667"
        },
        {
          "type": "image",
          "assetId": "77ZyH-01xlb6",
          "checksum": "05fd49c060c3b775b4fc2bb9bc2fed65"
        },
        {
          "type": "image",
          "assetId": "M7lLqRwqcwuD",
          "checksum": "ea3f83745774814de319b3730ed6d0ed"
        },
        {
          "type": "image",
          "assetId": "TpRUMLJ_aIPq",
          "checksum": "5c6348058e7d92a2fc611f2ec5a36d87"
        },
        {
          "type": "image",
          "assetId": "Dnuh9IbAH3D4",
          "checksum": "f05c46bd1c35ec42c388a51f1f744c0c"
        },
        {
          "type": "image",
          "assetId": "Su36w9c7UTIl",
          "checksum": "18cf192eb88b288238172c29df7c1472"
        },
        {
          "type": "image",
          "assetId": "CVPaP0bqmTIG",
          "checksum": "508505084687a47124f339019a2c876f"
        },
        {
          "type": "image",
          "assetId": "Oz1P22WeVGQn",
          "checksum": "4c83108450007a28cb6d83c1b0ab4fa7"
        },
        {
          "type": "image",
          "assetId": "9ijghzzi2ibC",
          "checksum": "4c8d70bbeb1889846d3f524cd149016d"
        },
        {
          "type": "image",
          "assetId": "DM32AB2mzjwA",
          "checksum": "ad470266bbae32efc71f23b703ed9594"
        },
        {
          "type": "image",
          "assetId": "1Y9MAEIKb8W3",
          "checksum": "16a7d9af77b75381318b1b03673ae7d2"
        },
        {
          "type": "image",
          "assetId": "J-2rkhWxiReF",
          "checksum": "8aa9529480e38ded9f4c3ccfbc7923d9"
        },
        {
          "type": "image",
          "assetId": "fWBN3Gvk7La3",
          "checksum": "107a3371e534e97386ed8c1cfaab19d7"
        },
        {
          "type": "image",
          "assetId": "vfORh9kPBWnr",
          "checksum": "d8792b066f3cb21a2367dc91f65927ec"
        },
        {
          "type": "image",
          "assetId": "pPU4nXsIy25h",
          "checksum": "d952f96da318fd8cfc1d6bc46661cad8"
        },
        {
          "type": "image",
          "assetId": "pa2orkzHqHex",
          "checksum": "4b7c0bd7bce78426847aa6e854c44003"
        },
        {
          "type": "image",
          "assetId": "IEUT2XNc_aWp",
          "checksum": "f8ade23c7835643472302bc7631290d4"
        },
        {
          "type": "image",
          "assetId": "B3x5BpyKr484",
          "checksum": "cf3f127153f0be1d86f9de3593abe755"
        },
        {
          "type": "image",
          "assetId": "sZw1VeWlwZUW",
          "checksum": "48d69f26426840f4098738fb8b8c8c1b"
        },
        {
          "type": "image",
          "assetId": "OPOzip67DWym",
          "checksum": "254cca8b44fc9b66f0f0c2eafb86615c"
        },
        {
          "type": "image",
          "assetId": "rF0miulM3LyZ",
          "checksum": "0314a6cf793037a2edbc16580f36f49d"
        },
        {
          "type": "image",
          "assetId": "Nmuywl0VBoEQ",
          "checksum": "b39771588ca7f5cb658783208f16de7f"
        },
        {
          "type": "image",
          "assetId": "kbEf-RDhfIJE",
          "checksum": "f6dac864926d758a0564aa5ed7393898"
        },
        {
          "type": "image",
          "assetId": "O7uvUKxMJKhv",
          "checksum": "a11dd9678d36b8eb28d22cbd573249e1"
        },
        {
          "type": "image",
          "assetId": "XFrJZ1koJ77m",
          "checksum": "ef82a576131b7a23c4859e060c973f12"
        },
        {
          "type": "image",
          "assetId": "O_veSQ2LaqL9",
          "checksum": "5d535192f40509e792545a923daa9a16"
        },
        {
          "type": "image",
          "assetId": "pNtKZBEPSdti",
          "checksum": "678e9c2fcc7ed7d437c9bbb31f70a33d"
        },
        {
          "type": "image",
          "assetId": "HsKS36SqH13z",
          "checksum": "251f32d02104718618fa22a2fd8a7894"
        },
        {
          "type": "image",
          "assetId": "qTi3AneTVOfv",
          "checksum": "6e75c5d299d8eaaf5c7aaeecf45c9a03"
        },
        {
          "type": "image",
          "assetId": "6Mjnp4DThs0W",
          "checksum": "2333c469182151cd3a8e2b753aa96620"
        },
        {
          "type": "image",
          "assetId": "ZnC6yPI_bT9a",
          "checksum": "3b0a31bb8b2af7c79585ebbe664242d8"
        },
        {
          "type": "image",
          "assetId": "osT3lalBPjiQ",
          "checksum": "c60bf0f5b7e5603f61e4bfead2e5d37f"
        },
        {
          "type": "image",
          "assetId": "_fSabu0mVXlV",
          "checksum": "7c7fb0347db6712cd88a3ac0795a3272"
        },
        {
          "type": "image",
          "assetId": "h09ZFilH3EAS",
          "checksum": "5d821bc77a0c9080a2a2e13902247190"
        },
        {
          "type": "image",
          "assetId": "bfjPIxsLRE9T",
          "checksum": "d659161f03a0f34b6871d19422aa6d91"
        },
        {
          "type": "image",
          "assetId": "xQPsc459hLmU",
          "checksum": "10ac803e77e47f13e3b23dab2fd258f1"
        },
        {
          "type": "icon",
          "assetId": "69HLYm9NeIDx",
          "checksum": "bc5e585861afe28d0edfbcb83dda4100"
        },
        {
          "type": "image",
          "assetId": "UKU_qyW0orck",
          "checksum": "496de3a4c5dea9cbdee14f4cf59a3811"
        },
        {
          "type": "image",
          "assetId": "xm6KS1uDpvOh",
          "checksum": "2d5e000c884e823886bd6f5ed12d18a6"
        },
        {
          "type": "renderModule",
          "assetId": "iURTST31N2A8",
          "checksum": "dfe174cbd7dcb43cf41068b8234801d6"
        },
        {
          "type": "cssRules",
          "assetId": "iURTST31N2A8",
          "checksum": "dfe174cbd7dcb43cf41068b8234801d6"
        },
        {
          "type": "renderModule",
          "assetId": "VOdWaLC8FIM5",
          "checksum": "9e8501b6015c72bb0791972017b1e933"
        },
        {
          "type": "cssRules",
          "assetId": "VOdWaLC8FIM5",
          "checksum": "9e8501b6015c72bb0791972017b1e933"
        },
        {
          "type": "image",
          "assetId": "3xBUBPttvmIR",
          "checksum": "db46f6d5f64e351b6fdc5ce006161b45"
        },
        {
          "type": "renderModule",
          "assetId": "bpUxZE49TfJM",
          "checksum": "6046ed29f819660c82645cc9c43d600d"
        },
        {
          "type": "cssRules",
          "assetId": "bpUxZE49TfJM",
          "checksum": "6046ed29f819660c82645cc9c43d600d"
        },
        {
          "type": "image",
          "assetId": "eDRCskeshUo8",
          "checksum": "7644a24ec19144ae0eb74eb15502995a"
        },
        {
          "type": "image",
          "assetId": "NjH3SiMmT2hI",
          "checksum": "8ab0428cbad9f3af80a545418056fe1e"
        },
        {
          "type": "image",
          "assetId": "JnfSfo07oMhv",
          "checksum": "9ca072ab97f3283d210e6551ac8b4601"
        },
        {
          "type": "image",
          "assetId": "rK5OEMjUg-xl",
          "checksum": "ce2535ad36a9f68ffd0d3429dcd9c88f"
        },
        {
          "type": "image",
          "assetId": "5uAH6JGZtSb-",
          "checksum": "cabccbd3e50f9bdd17d55e938aef6c86"
        },
        {
          "type": "image",
          "assetId": "1vWX7rIifnQf",
          "checksum": "72e47ebd28c5b653b94026aa80c3e54d"
        },
        {
          "type": "image",
          "assetId": "hKQ1qHWjGc6v",
          "checksum": "5233a8a61b0c5b0ccfe798cc4a82dd46"
        },
        {
          "type": "image",
          "assetId": "ZKiqBHY-JObK",
          "checksum": "5a0eb44e8118744c50d6fedd5a45f9ef"
        },
        {
          "type": "image",
          "assetId": "KsPzroi1jAfi",
          "checksum": "5724956a8e2818efa6834f420ef1944a"
        },
        {
          "type": "image",
          "assetId": "jFerVGnw4BO9",
          "checksum": "4a0b07e10d4685762f00cd0c073c17ca"
        },
        {
          "type": "image",
          "assetId": "07G1ueabURKB",
          "checksum": "9853f4d1515ecb0b6b0596216eeb4444"
        },
        {
          "type": "image",
          "assetId": "0drJ8sgYkbZw",
          "checksum": "2ca8fbb31db88b08f304c054fe95b0cb"
        },
        {
          "type": "image",
          "assetId": "xnFcxy8EBg-l",
          "checksum": "4d3985071ad2346acac0c59071f24ddc"
        },
        {
          "type": "image",
          "assetId": "c2Y05iXxHpBP",
          "checksum": "3eb752d88915c02b4121b03559cfc1df"
        },
        {
          "type": "image",
          "assetId": "HtR9PBDIn-aZ",
          "checksum": "7763e6dfa5238e1d67b53c205affc564"
        },
        {
          "type": "image",
          "assetId": "P2ro9tZmnroH",
          "checksum": "9fea17e24e99d7afd212f48b96ca628a"
        },
        {
          "type": "image",
          "assetId": "2AHSoKNvpgsk",
          "checksum": "ce87c136b91ec5b3c8a9310eac6c56f3"
        },
        {
          "type": "image",
          "assetId": "rX8pFXqiG7DS",
          "checksum": "615d15222ca7a88a88d1de69468b9001"
        },
        {
          "type": "image",
          "assetId": "wfg6pBimwWgO",
          "checksum": "10e34d32d605fbcbb134859d066a00a3"
        },
        {
          "type": "image",
          "assetId": "00fTk7TF7IX6",
          "checksum": "117a2fcc744f9303af0bea743d3b4c8a"
        },
        {
          "type": "image",
          "assetId": "sXXGuobfwJ_a",
          "checksum": "96d2ee5c101ba860cad8e4c5f73e2a2e"
        },
        {
          "type": "image",
          "assetId": "TyN4UKQ1u1IX",
          "checksum": "c5f76bc34cdf8956bd975307c84e6670"
        },
        {
          "type": "image",
          "assetId": "mbV5crGSGTDg",
          "checksum": "41b34fd6ae6bed8dd96ae893aeecfdb3"
        },
        {
          "type": "image",
          "assetId": "XK1zPOsyKvYX",
          "checksum": "5998f8b2da3ee77889f484cc76534b59"
        },
        {
          "type": "image",
          "assetId": "cJMFUo7I8zeR",
          "checksum": "99c773d2f6e037e74a463f16d553691e"
        },
        {
          "type": "image",
          "assetId": "ctjQmARcJDW_",
          "checksum": "ad8acad9408a659e32dab7e91148616c"
        },
        {
          "type": "image",
          "assetId": "ciGpNVWV6wrv",
          "checksum": "2a2ee3045a2a3f5f0b20636c5f85e63c"
        },
        {
          "type": "image",
          "assetId": "g8TU_xxEWg-T",
          "checksum": "10896ef2591db6652ab1129ff65230ac"
        },
        {
          "type": "image",
          "assetId": "3QXwTWGWaufv",
          "checksum": "81b33bd86afbc8993f13bd08a6d1a43d"
        },
        {
          "type": "image",
          "assetId": "3ew4vJssytaD",
          "checksum": "0907060690a3db6635bd0165bcba9f75"
        },
        {
          "type": "image",
          "assetId": "O37MNkpo4XhQ",
          "checksum": "854c47ed78bb08e596e15b4778b6292e"
        },
        {
          "type": "image",
          "assetId": "fFxKXhQb-EIg",
          "checksum": "1c420d87058d87506110cd87747ecc54"
        },
        {
          "type": "image",
          "assetId": "42TWZnCWUs7J",
          "checksum": "f009df2c29e7edc57dc8058c4c5b2142"
        },
        {
          "type": "image",
          "assetId": "miiRFiNOLsvo",
          "checksum": "32d2c58700a55f310de9f3ec5e2020ab"
        },
        {
          "type": "image",
          "assetId": "vIoVusG566d_",
          "checksum": "a32fa204e9fc3d07ad8c6658a040a882"
        },
        {
          "type": "image",
          "assetId": "v5ydVUcJNXr1",
          "checksum": "2c694231802ea55a90997af136ea53f9"
        },
        {
          "type": "image",
          "assetId": "mCasKsTMd5fN",
          "checksum": "cdb0f648e186845a23b91a60ac49933f"
        },
        {
          "type": "image",
          "assetId": "Ga2lANAhlM7r",
          "checksum": "2d212ddc86533b5165d7d6c68758f839"
        },
        {
          "type": "image",
          "assetId": "mn7aPjRKSV6a",
          "checksum": "7861f4f2cb0c4b58ccdb0d2ad620f2cb"
        },
        {
          "type": "image",
          "assetId": "4CCLMuOz7raQ",
          "checksum": "230460d6c40db639440bf379964c984b"
        },
        {
          "type": "image",
          "assetId": "H9gCp3Vk8L0c",
          "checksum": "4adcb1c023f82edfa1b59f51f7bb9afe"
        },
        {
          "type": "image",
          "assetId": "TSegFp5IkiXR",
          "checksum": "32f531773f85f5df95b83ff969ff0312"
        },
        {
          "type": "image",
          "assetId": "sKuGvziwCsl6",
          "checksum": "6aaa32a56ff20313617b0f403dfcbe01"
        },
        {
          "type": "image",
          "assetId": "e4CfG0J2fJDw",
          "checksum": "eb024806924cce4c4695e2f1fc69649b"
        },
        {
          "type": "image",
          "assetId": "O8mnlfmFXT8x",
          "checksum": "0936b9bbe5c34f3d67a33061eacac7a7"
        },
        {
          "type": "image",
          "assetId": "4ZtsFeK_8dCd",
          "checksum": "8151590f46eeb4b4c46b361a89d7044e"
        },
        {
          "type": "image",
          "assetId": "U9eyJdiypdJT",
          "checksum": "f43b1ff71bfd0aaddd9f5a61297da9bd"
        },
        {
          "type": "image",
          "assetId": "76lxpjK4Z3pt",
          "checksum": "5c18d82a37a04cb524625ff149caad74"
        },
        {
          "type": "image",
          "assetId": "cou9kWCn-El0",
          "checksum": "d7a78f4b6ae28acc7fd58043754f6633"
        },
        {
          "type": "image",
          "assetId": "SS5CIcyeJzCp",
          "checksum": "72a3d707c1d97e10e6a328287e95093d"
        },
        {
          "type": "image",
          "assetId": "EJrz8Mk6rSFK",
          "checksum": "c9bbaebfabfc138b9eb606c216f644cb"
        },
        {
          "type": "image",
          "assetId": "hYfiDq0D7hw8",
          "checksum": "afa671f5e0a7997f0846ba6dd9195f66"
        },
        {
          "type": "image",
          "assetId": "jzVLmJzZ8KVS",
          "checksum": "b9cf05f4d771362238f295b072dcba40"
        },
        {
          "type": "renderModule",
          "assetId": "3Ndtrkcj4d1_",
          "checksum": "8fff15b2281c0bb3c109b9bef9f24407"
        },
        {
          "type": "cssRules",
          "assetId": "3Ndtrkcj4d1_",
          "checksum": "8fff15b2281c0bb3c109b9bef9f24407"
        },
        {
          "type": "renderModule",
          "assetId": "znFTM0nXx5O6",
          "checksum": "de5447aa0c65c973b0e6fb4a419191f5"
        },
        {
          "type": "cssRules",
          "assetId": "znFTM0nXx5O6",
          "checksum": "de5447aa0c65c973b0e6fb4a419191f5"
        },
        {
          "type": "renderModule",
          "assetId": "757cVg1UQoNd",
          "checksum": "7f0687368e5911ff1272d73361b46cee"
        },
        {
          "type": "cssRules",
          "assetId": "757cVg1UQoNd",
          "checksum": "7f0687368e5911ff1272d73361b46cee"
        },
        {
          "type": "renderModule",
          "assetId": "ygJs84GAOvt9",
          "checksum": "6aa9c3c8daf54562712d9fdc76c0943c"
        },
        {
          "type": "cssRules",
          "assetId": "ygJs84GAOvt9",
          "checksum": "6aa9c3c8daf54562712d9fdc76c0943c"
        },
        {
          "type": "renderModule",
          "assetId": "_tCpKQh4oNWn",
          "checksum": "aecf3486ff9b529014c1edc9fac18042"
        },
        {
          "type": "cssRules",
          "assetId": "_tCpKQh4oNWn",
          "checksum": "aecf3486ff9b529014c1edc9fac18042"
        },
        {
          "type": "renderModule",
          "assetId": "p75X7EWJ1KaV",
          "checksum": "2e4659d8d9bb5b0311794f43906f30c1"
        },
        {
          "type": "cssRules",
          "assetId": "p75X7EWJ1KaV",
          "checksum": "2e4659d8d9bb5b0311794f43906f30c1"
        },
        {
          "type": "renderModule",
          "assetId": "-6dqxJDphRkf",
          "checksum": "4b7ca47cb5b69220bbe1e98c5759042f"
        },
        {
          "type": "cssRules",
          "assetId": "-6dqxJDphRkf",
          "checksum": "4b7ca47cb5b69220bbe1e98c5759042f"
        },
        {
          "type": "renderModule",
          "assetId": "IUtf-VlEoiUQ",
          "checksum": "87654d049e88d7ac04de9584fb0e726e"
        },
        {
          "type": "cssRules",
          "assetId": "IUtf-VlEoiUQ",
          "checksum": "87654d049e88d7ac04de9584fb0e726e"
        },
        {
          "type": "renderModule",
          "assetId": "4IPw6iK9f_-q",
          "checksum": "2cfe531ec652bd551fece3949bb46131"
        },
        {
          "type": "cssRules",
          "assetId": "4IPw6iK9f_-q",
          "checksum": "2cfe531ec652bd551fece3949bb46131"
        },
        {
          "type": "icon",
          "assetId": "UJbuthH60ZPo",
          "checksum": "369dc18c344cff31c015e2f138d664eb"
        },
        {
          "type": "icon",
          "assetId": "lU94bZH3x1Vg",
          "checksum": "83dde042319c2b14cf62421b2fe71d12"
        },
        {
          "type": "icon",
          "assetId": "cE8hTbS6ohpL",
          "checksum": "06defe13faf5d21f08676e1aab00482c"
        },
        {
          "type": "icon",
          "assetId": "5oICJGFIO-9r",
          "checksum": "7ce3cc30d25c769f234760915a76c61f"
        },
        {
          "type": "icon",
          "assetId": "2DBjn0QV9XuJ",
          "checksum": "a284d930436c94406498b91dc5b55594"
        },
        {
          "type": "icon",
          "assetId": "igWE0GYF7JlT",
          "checksum": "5aadb3f854732742cf236028b833b757"
        },
        {
          "type": "icon",
          "assetId": "ESn-GSFA8a73",
          "checksum": "946d2c2a21337198dc9e3a45e8883ca7"
        },
        {
          "type": "icon",
          "assetId": "z1uPvBfdo2RJ",
          "checksum": "bb5437c8c7e2f6d235ebbf3c465457db"
        },
        {
          "type": "icon",
          "assetId": "yJKrBu9wLCwe",
          "checksum": "587ce99255ab45af9abf950b3fc9a23c"
        },
        {
          "type": "image",
          "assetId": "J53w0pmbF_Z8",
          "checksum": "4cc6228f0fd1634132b114d7197bb41d"
        },
        {
          "type": "image",
          "assetId": "vIJxPv-25KsA",
          "checksum": "7f5eef47bfcb43d409b77504b4f6f855"
        },
        {
          "type": "image",
          "assetId": "Q3Py40LTPZuI",
          "checksum": "4fbb93a63b695b0889be36c965b9126d"
        },
        {
          "type": "image",
          "assetId": "cfta5Oile6Eh",
          "checksum": "8479ef0de1262ca5410d27b99666ae07"
        },
        {
          "type": "image",
          "assetId": "9MnkLIGlmDa7",
          "checksum": "83ed7fc0d0469aa030fd529f5f71ae27"
        },
        {
          "type": "renderModule",
          "assetId": "SFhtR_YchzSd",
          "checksum": "c1e1668143dbef7bea2782bad88e7951"
        },
        {
          "type": "cssRules",
          "assetId": "SFhtR_YchzSd",
          "checksum": "c1e1668143dbef7bea2782bad88e7951"
        },
        {
          "type": "renderModule",
          "assetId": "75pOOjr2QFNp",
          "checksum": "49c0a836427f6bf74dbcef2e65893901"
        },
        {
          "type": "cssRules",
          "assetId": "75pOOjr2QFNp",
          "checksum": "49c0a836427f6bf74dbcef2e65893901"
        },
        {
          "type": "renderModule",
          "assetId": "Tu3iaahTzpLP",
          "checksum": "62249b8c8a71bf6f80f5e805cf632fff"
        },
        {
          "type": "cssRules",
          "assetId": "Tu3iaahTzpLP",
          "checksum": "62249b8c8a71bf6f80f5e805cf632fff"
        },
        {
          "type": "renderModule",
          "assetId": "si44vJRCqCM3",
          "checksum": "697f0ac79c6bda32ab158cac5ff17f64"
        },
        {
          "type": "cssRules",
          "assetId": "si44vJRCqCM3",
          "checksum": "697f0ac79c6bda32ab158cac5ff17f64"
        },
        {
          "type": "renderModule",
          "assetId": "s9nFwVvBxOV3",
          "checksum": "be0eaa6a156d9c080ca073af5c490f63"
        },
        {
          "type": "cssRules",
          "assetId": "s9nFwVvBxOV3",
          "checksum": "be0eaa6a156d9c080ca073af5c490f63"
        },
        {
          "type": "renderModule",
          "assetId": "wHIYrv4suznQ",
          "checksum": "582f9e0b883f3147eff4f80806fe7f04"
        },
        {
          "type": "cssRules",
          "assetId": "wHIYrv4suznQ",
          "checksum": "582f9e0b883f3147eff4f80806fe7f04"
        },
        {
          "type": "renderModule",
          "assetId": "zowCfpHLJi3H",
          "checksum": "8e5c3390fe43930be66023c25debb774"
        },
        {
          "type": "cssRules",
          "assetId": "zowCfpHLJi3H",
          "checksum": "8e5c3390fe43930be66023c25debb774"
        },
        {
          "type": "image",
          "assetId": "OzfUJ_BN-U8W",
          "checksum": "5e5a5387210dbea803c3f5187c54a8ca"
        },
        {
          "type": "image",
          "assetId": "t7cVQs5gxq0N",
          "checksum": "18c4ab40ca6c85d1068128a1939084c8"
        },
        {
          "type": "image",
          "assetId": "ZSJOEAoGGhUH",
          "checksum": "ad9bd1ac48810963f998e8ce917eb8e7"
        },
        {
          "type": "image",
          "assetId": "vGkAfT8MVk4h",
          "checksum": "2613b94fa30764b15a29e1685a29f78c"
        },
        {
          "type": "renderModule",
          "assetId": "V9g_ixtcrSzg",
          "checksum": "6d23f0e3bbe4936d46e8cdc795feebc7"
        },
        {
          "type": "cssRules",
          "assetId": "V9g_ixtcrSzg",
          "checksum": "6d23f0e3bbe4936d46e8cdc795feebc7"
        },
        {
          "type": "image",
          "assetId": "F2Cu3qXtyX_a",
          "checksum": "c60a0dd14e6cae04ea23cb8ebe125af8"
        },
        {
          "assetId": "heL2P6rJiLNgtnBJPb6i1m",
          "type": "projectCss",
          "checksum": "3ea3265dcd3dc8deb3d260f43ecc7e53"
        }
      ],
      "codegenVersion": "0.0.1"
    },
    {
      "projectId": "caTPwKxj5ZrD9LQ7DMdK4Z",
      "version": "3.42.0",
      "dependencies": {},
      "lang": "ts",
      "fileLocks": [
        {
          "assetId": "caTPwKxj5ZrD9LQ7DMdK4Z",
          "type": "projectCss",
          "checksum": "1c02168c6b23256606111fdfdbb63549"
        }
      ],
      "codegenVersion": "0.0.1"
    },
    {
      "projectId": "58GpZjZCWTaJ8AUhpCwt2K",
      "version": "3.30.0",
      "dependencies": {},
      "lang": "ts",
      "fileLocks": [
        {
          "assetId": "58GpZjZCWTaJ8AUhpCwt2K",
          "type": "projectCss",
          "checksum": "f0469e206244772473ab64f50be898f9"
        }
      ],
      "codegenVersion": "0.0.1"
    },
    {
      "projectId": "84wxoth5npGrp6RRXPL88z",
      "version": "4.32.0",
      "dependencies": {},
      "lang": "ts",
      "fileLocks": [
        {
          "assetId": "84wxoth5npGrp6RRXPL88z",
          "checksum": "a6922f1d9c72c47827138a4ab01b1554",
          "type": "globalContexts"
        },
        {
          "assetId": "84wxoth5npGrp6RRXPL88z",
          "type": "projectCss",
          "checksum": "aedf7b9afd779b089be209519ad30e96"
        }
      ],
      "codegenVersion": "0.0.1"
    },
    {
      "projectId": "5dGW8Awro3qq8Hh5MveXLP",
      "version": "1.30.0",
      "dependencies": {},
      "lang": "ts",
      "fileLocks": [
        {
          "assetId": "5dGW8Awro3qq8Hh5MveXLP",
          "type": "projectCss",
          "checksum": "853dbe64f7ebbe0fdaa1ab72cf5b53e6"
        }
      ],
      "codegenVersion": "0.0.1"
    },
    {
      "projectId": "9Vr5YWkf3w7jj6SsTcCEta",
      "version": "0.15.0",
      "dependencies": {},
      "lang": "ts",
      "fileLocks": [
        {
          "assetId": "9Vr5YWkf3w7jj6SsTcCEta",
          "type": "projectCss",
          "checksum": "1c02168c6b23256606111fdfdbb63549"
        }
      ],
      "codegenVersion": "0.0.1"
    }
  ],
  "cliVersion": "0.1.318"
}
