{
  "projects": [
    {
      "projectId": "YUiM7yqBWAqsh8KSnrdj7",
      "version": "0.24.0",
      "dependencies": {},
      "lang": "ts",
      "fileLocks": [
        {
          "assetId": "YUiM7yqBWAqsh8KSnrdj7",
          "type": "projectCss",
          "checksum": "dac72600b04b6e6a3014e82512a15fe1"
        }
      ],
      "codegenVersion": "0.0.1"
    },
    {
      "projectId": "i3z63WaCLuRiSZRBwZC8d1",
      "version": "6.13.0",
      "dependencies": {},
      "lang": "ts",
      "fileLocks": [
        {
          "assetId": "i3z63WaCLuRiSZRBwZC8d1",
          "type": "projectCss",
          "checksum": "e1ec850476829c38b0f9b6d4f7ac446a"
        },
        {
          "assetId": "i3z63WaCLuRiSZRBwZC8d1",
          "checksum": "229540bc8ffefda22c80bebd71168126",
          "type": "globalContexts"
        }
      ],
      "codegenVersion": "0.0.1"
    },
    {
      "projectId": "xp1p7dmg329XVLHyuEUxD2",
      "version": "11.28.0",
      "dependencies": {},
      "lang": "ts",
      "fileLocks": [
        {
          "assetId": "xp1p7dmg329XVLHyuEUxD2",
          "type": "projectCss",
          "checksum": "1b891cf9539f1db972dc4163ae1172e9"
        }
      ],
      "codegenVersion": "0.0.1"
    },
    {
      "projectId": "r3ASNrnyvLLLAtDvzUioQ",
      "version": "3.22.0",
      "dependencies": {},
      "lang": "ts",
      "fileLocks": [
        {
          "assetId": "r3ASNrnyvLLLAtDvzUioQ",
          "type": "projectCss",
          "checksum": "97ec772be5160e37b26814fd84fdccb9"
        }
      ],
      "codegenVersion": "0.0.1"
    },
    {
      "projectId": "ohDidvG9XsCeFumugENU3J",
      "version": "6.10.0",
      "dependencies": {},
      "lang": "ts",
      "fileLocks": [
        {
          "assetId": "ohDidvG9XsCeFumugENU3J",
          "type": "projectCss",
          "checksum": "fd83b730367fdbde2c69bc6cf31c2a3c"
        },
        {
          "assetId": "ohDidvG9XsCeFumugENU3J",
          "checksum": "9edd6de3249e8ce87ee98f963fba1736",
          "type": "globalContexts"
        }
      ],
      "codegenVersion": "0.0.1"
    },
    {
      "projectId": "7nJ7UcFmq9UzB6eXfC5z4a",
      "version": "0.24.0",
      "dependencies": {},
      "lang": "ts",
      "fileLocks": [
        {
          "assetId": "7nJ7UcFmq9UzB6eXfC5z4a",
          "type": "projectCss",
          "checksum": "05587b57f22f0ec8bb54543deb39762e"
        }
      ],
      "codegenVersion": "0.0.1"
    },
    {
      "projectId": "heL2P6rJiLNgtnBJPb6i1m",
      "version": "latest",
      "dependencies": {
        "7nJ7UcFmq9UzB6eXfC5z4a": "0.24.0",
        "ohDidvG9XsCeFumugENU3J": "6.10.0",
        "r3ASNrnyvLLLAtDvzUioQ": "3.22.0",
        "xp1p7dmg329XVLHyuEUxD2": "11.28.0",
        "i3z63WaCLuRiSZRBwZC8d1": "6.13.0",
        "YUiM7yqBWAqsh8KSnrdj7": "0.24.0"
      },
      "lang": "ts",
      "fileLocks": [
        {
          "type": "globalVariant",
          "assetId": "6hzia3m7Np4ulu",
          "checksum": "204db2680b4e9d351e96aea0ef6ee8a3"
        },
        {
          "assetId": "heL2P6rJiLNgtnBJPb6i1m",
          "type": "projectCss",
          "checksum": "41872561f08857eb442e3c81c9f124ef"
        },
        {
          "assetId": "heL2P6rJiLNgtnBJPb6i1m",
          "checksum": "295131b91d5012eece3c5a899ab7277f",
          "type": "globalContexts"
        },
        {
          "type": "renderModule",
          "assetId": "HsoJyy15p4bPd",
          "checksum": "5390f2c69c99cf57274b7a45d0325855"
        },
        {
          "type": "cssRules",
          "assetId": "HsoJyy15p4bPd",
          "checksum": "5390f2c69c99cf57274b7a45d0325855"
        },
        {
          "type": "renderModule",
          "assetId": "GMAR4VOl00",
          "checksum": "91165b9f4ac222124fbeb6a4cbd41cac"
        },
        {
          "type": "cssRules",
          "assetId": "GMAR4VOl00",
          "checksum": "91165b9f4ac222124fbeb6a4cbd41cac"
        },
        {
          "type": "renderModule",
          "assetId": "zY4oOp60G2",
          "checksum": "31fe446f54093be76541c3c85983b4a6"
        },
        {
          "type": "cssRules",
          "assetId": "zY4oOp60G2",
          "checksum": "31fe446f54093be76541c3c85983b4a6"
        },
        {
          "type": "renderModule",
          "assetId": "JoyE-OflfH",
          "checksum": "8603480d0bb3841eb032a7eb8ae3f0ed"
        },
        {
          "type": "cssRules",
          "assetId": "JoyE-OflfH",
          "checksum": "8603480d0bb3841eb032a7eb8ae3f0ed"
        },
        {
          "type": "renderModule",
          "assetId": "yEsI5slGwPm",
          "checksum": "64d97c0d1d53a87d3898a57cc08d1a59"
        },
        {
          "type": "cssRules",
          "assetId": "yEsI5slGwPm",
          "checksum": "64d97c0d1d53a87d3898a57cc08d1a59"
        },
        {
          "type": "renderModule",
          "assetId": "mZogRkwS1rd",
          "checksum": "a166e460e4a84dd14a74b230edb2ec46"
        },
        {
          "type": "cssRules",
          "assetId": "mZogRkwS1rd",
          "checksum": "a166e460e4a84dd14a74b230edb2ec46"
        },
        {
          "type": "renderModule",
          "assetId": "qeyEUvMFwY",
          "checksum": "bc5748e18854d564a2212ec10dee512f"
        },
        {
          "type": "cssRules",
          "assetId": "qeyEUvMFwY",
          "checksum": "bc5748e18854d564a2212ec10dee512f"
        },
        {
          "type": "renderModule",
          "assetId": "puddzmp5Gp",
          "checksum": "beab746c4fe45e79d056d2b0b068b515"
        },
        {
          "type": "cssRules",
          "assetId": "puddzmp5Gp",
          "checksum": "beab746c4fe45e79d056d2b0b068b515"
        },
        {
          "type": "renderModule",
          "assetId": "aGq0s302rH",
          "checksum": "555c3f7cd6edc1cf8f4ff49586ff3781"
        },
        {
          "type": "cssRules",
          "assetId": "aGq0s302rH",
          "checksum": "555c3f7cd6edc1cf8f4ff49586ff3781"
        },
        {
          "type": "renderModule",
          "assetId": "Y6q1pqli4zM",
          "checksum": "c4d781185cd302e58fb04f938d3d7dd7"
        },
        {
          "type": "cssRules",
          "assetId": "Y6q1pqli4zM",
          "checksum": "c4d781185cd302e58fb04f938d3d7dd7"
        },
        {
          "type": "renderModule",
          "assetId": "sFlg1tQbot",
          "checksum": "ddbf7bda24d5007b70048697ca7ab3d3"
        },
        {
          "type": "cssRules",
          "assetId": "sFlg1tQbot",
          "checksum": "ddbf7bda24d5007b70048697ca7ab3d3"
        },
        {
          "type": "renderModule",
          "assetId": "VpRM2nIn0R",
          "checksum": "2acc91b652f2285d6d873cd8e5e55d5d"
        },
        {
          "type": "cssRules",
          "assetId": "VpRM2nIn0R",
          "checksum": "2acc91b652f2285d6d873cd8e5e55d5d"
        },
        {
          "type": "renderModule",
          "assetId": "Ft4Mem_Zab",
          "checksum": "4afcaa9e549f09158965eae1aef68d0a"
        },
        {
          "type": "cssRules",
          "assetId": "Ft4Mem_Zab",
          "checksum": "4afcaa9e549f09158965eae1aef68d0a"
        },
        {
          "type": "renderModule",
          "assetId": "VMG_STrhr9",
          "checksum": "4e1e7a1ca2c164f8914d21fd096372c8"
        },
        {
          "type": "cssRules",
          "assetId": "VMG_STrhr9",
          "checksum": "4e1e7a1ca2c164f8914d21fd096372c8"
        },
        {
          "type": "renderModule",
          "assetId": "NFEkw9xPSE",
          "checksum": "025dfb401a9d6bcd9e0b23acbe83d4d4"
        },
        {
          "type": "cssRules",
          "assetId": "NFEkw9xPSE",
          "checksum": "025dfb401a9d6bcd9e0b23acbe83d4d4"
        },
        {
          "type": "renderModule",
          "assetId": "Gp2VtwSwUbo",
          "checksum": "654a452140bd511cfd3476ecf1b4c47c"
        },
        {
          "type": "cssRules",
          "assetId": "Gp2VtwSwUbo",
          "checksum": "654a452140bd511cfd3476ecf1b4c47c"
        },
        {
          "type": "renderModule",
          "assetId": "LflRXS5a9uB",
          "checksum": "7895098ce90782cf2a3ed7dfb5491ab5"
        },
        {
          "type": "cssRules",
          "assetId": "LflRXS5a9uB",
          "checksum": "7895098ce90782cf2a3ed7dfb5491ab5"
        },
        {
          "type": "renderModule",
          "assetId": "4zYX0j05aN3",
          "checksum": "431f3cb80ea7920e24ea529169275bec"
        },
        {
          "type": "cssRules",
          "assetId": "4zYX0j05aN3",
          "checksum": "431f3cb80ea7920e24ea529169275bec"
        },
        {
          "type": "renderModule",
          "assetId": "BUE2LdR7dya",
          "checksum": "e61647d69d71dd990fe904d19e932e33"
        },
        {
          "type": "cssRules",
          "assetId": "BUE2LdR7dya",
          "checksum": "e61647d69d71dd990fe904d19e932e33"
        },
        {
          "type": "renderModule",
          "assetId": "q3NSBnBYzH",
          "checksum": "70daae5c7e248c399f10197b870eec78"
        },
        {
          "type": "cssRules",
          "assetId": "q3NSBnBYzH",
          "checksum": "70daae5c7e248c399f10197b870eec78"
        },
        {
          "type": "renderModule",
          "assetId": "_OYPpEm8jga",
          "checksum": "10f9201c04daaa52a68da93e27200fb3"
        },
        {
          "type": "cssRules",
          "assetId": "_OYPpEm8jga",
          "checksum": "10f9201c04daaa52a68da93e27200fb3"
        },
        {
          "type": "renderModule",
          "assetId": "R6tZZ6EQ-gsb",
          "checksum": "04104af5be2a6fa3c2935bcfe7ae6f55"
        },
        {
          "type": "cssRules",
          "assetId": "R6tZZ6EQ-gsb",
          "checksum": "04104af5be2a6fa3c2935bcfe7ae6f55"
        },
        {
          "type": "renderModule",
          "assetId": "50I_Uslx5bS3",
          "checksum": "3399bdfaa9d37115533d543082ae08a9"
        },
        {
          "type": "cssRules",
          "assetId": "50I_Uslx5bS3",
          "checksum": "3399bdfaa9d37115533d543082ae08a9"
        },
        {
          "type": "renderModule",
          "assetId": "DUKvgkpbeBWf",
          "checksum": "969e07a4ea25bc5b67f3b672f37ce240"
        },
        {
          "type": "cssRules",
          "assetId": "DUKvgkpbeBWf",
          "checksum": "969e07a4ea25bc5b67f3b672f37ce240"
        },
        {
          "type": "renderModule",
          "assetId": "dIysgpuSQtRE",
          "checksum": "6659ef33e96782449dc1469124373426"
        },
        {
          "type": "cssRules",
          "assetId": "dIysgpuSQtRE",
          "checksum": "6659ef33e96782449dc1469124373426"
        },
        {
          "type": "renderModule",
          "assetId": "PSeXEG18MHGr",
          "checksum": "b516d033c2a4b7b0fe527e2433558aa3"
        },
        {
          "type": "cssRules",
          "assetId": "PSeXEG18MHGr",
          "checksum": "b516d033c2a4b7b0fe527e2433558aa3"
        },
        {
          "type": "icon",
          "assetId": "v3q4aVpi02",
          "checksum": "57cbcf5bae74f9f496d3228e0ecb6a06"
        },
        {
          "type": "icon",
          "assetId": "ew07hyuAC0c",
          "checksum": "1f38b3a4a396b1917bd9c771e0592f84"
        },
        {
          "type": "icon",
          "assetId": "3r4KXWygi9v",
          "checksum": "b66e6602eca8c6f2b48a1dfda6c0945c"
        },
        {
          "type": "icon",
          "assetId": "E3DB21mRkOyk",
          "checksum": "16479152ae2a79114693448d2509c255"
        },
        {
          "type": "icon",
          "assetId": "aWpYgDS_d3jS",
          "checksum": "977c860af4e00f56b2902d664ab94d70"
        },
        {
          "type": "icon",
          "assetId": "4WzRkM3mTNlI",
          "checksum": "bdfd98d1d5674551585b23dbb1bea712"
        },
        {
          "type": "icon",
          "assetId": "RqINMsIJ-W",
          "checksum": "eb697ba11d7aadd274f1e01dd2ebe8f6"
        },
        {
          "type": "icon",
          "assetId": "KZQE5ZiL9X",
          "checksum": "0131c8f66f8e7a13a11f580c6b0efb5c"
        },
        {
          "type": "icon",
          "assetId": "QybYSQyE3W",
          "checksum": "c74e0d0ad8809ed3995801133ce13451"
        },
        {
          "type": "icon",
          "assetId": "iGJtLc9clP",
          "checksum": "79bf1f6a84ce9118a84eb7fde1bc150d"
        },
        {
          "type": "icon",
          "assetId": "otd7TS4DBl",
          "checksum": "0a763582c63933540b7a164f7416afba"
        },
        {
          "type": "icon",
          "assetId": "oQzNm4IQ8Jc",
          "checksum": "655e4724eae393851e8d4c80bfb199ae"
        },
        {
          "type": "icon",
          "assetId": "V7YDwEX2Uw9",
          "checksum": "a9de7a466765e3e2c00b5bff9874dff3"
        },
        {
          "type": "icon",
          "assetId": "nDazK5xy2JG",
          "checksum": "de6a0ce611428b5cac72cf0f53efc3e2"
        },
        {
          "type": "icon",
          "assetId": "Sda_FOaa30u",
          "checksum": "f31f257c9e1f89ecc6ba6a3374d1cdf9"
        },
        {
          "type": "icon",
          "assetId": "3ivV_Jsyuv2",
          "checksum": "0f47184766c9441f1c15036864635355"
        },
        {
          "type": "icon",
          "assetId": "Yj7SOZMT122",
          "checksum": "ef879438a03879a9f5e7612e0a0d04c9"
        },
        {
          "type": "icon",
          "assetId": "ZrO-7nzknCPT",
          "checksum": "5b5c23d6d4ffdb0e0df6a7e84ecc5dcd"
        },
        {
          "type": "icon",
          "assetId": "AltOIFs52szI",
          "checksum": "894d862364a9a557da5f3fdc5bec3443"
        },
        {
          "type": "icon",
          "assetId": "oo9zvXXIVhzp",
          "checksum": "078039e3c824cfa3f58dd2394722b507"
        },
        {
          "type": "icon",
          "assetId": "MwIlfRiCxnsi",
          "checksum": "734a2f9d366e38ce1da55f5f507378a6"
        },
        {
          "type": "image",
          "assetId": "UIvrCEyXZFH3",
          "checksum": "d44fbf1d48db4ae02fa02d9830aed060"
        },
        {
          "type": "image",
          "assetId": "g_3GnPiJD",
          "checksum": "7f680393b1c7b1de8cf00e2155ad4c19"
        },
        {
          "type": "image",
          "assetId": "OB4grk6zK4kj",
          "checksum": "a76677ef8b48460fcc966cd1308d7979"
        },
        {
          "type": "image",
          "assetId": "eDRCskeshUo8",
          "checksum": "356ece7591be02093e06baf05edf9ba9"
        },
        {
          "type": "image",
          "assetId": "PVXJFu7DxasD",
          "checksum": "7d7c5a6a24258b077e3adb065d492f54"
        },
        {
          "type": "image",
          "assetId": "R8tLZ5hhlv-o",
          "checksum": "8cc0e3b6b113d805538d206d91113977"
        },
        {
          "type": "image",
          "assetId": "VODEBe-WPDst",
          "checksum": "373e28e7a476913be6dafaa5ae151bf9"
        },
        {
          "type": "image",
          "assetId": "NjH3SiMmT2hI",
          "checksum": "541290c9f30060ff94225517a3e3bf5c"
        },
        {
          "type": "image",
          "assetId": "QwzskVu1ipCB",
          "checksum": "066c762e1782423c16e906002c5e5b32"
        },
        {
          "type": "image",
          "assetId": "JnfSfo07oMhv",
          "checksum": "6fceced88db1aa3f3ecf4e72fd8e18d3"
        },
        {
          "type": "image",
          "assetId": "RJJ6jxcZNZTI",
          "checksum": "5bb27676f86bc0acdb07fc7e5d849808"
        },
        {
          "type": "image",
          "assetId": "16LEgSo00zx_",
          "checksum": "952446e8775b92c42af7b4a6747417e0"
        },
        {
          "type": "image",
          "assetId": "rK5OEMjUg-xl",
          "checksum": "ce2535ad36a9f68ffd0d3429dcd9c88f"
        },
        {
          "type": "image",
          "assetId": "8eI9kcrFpQPr",
          "checksum": "f2a90cffb10f2e94ec3e40ab52a5a5f1"
        },
        {
          "type": "image",
          "assetId": "jA_wEiwHy1_L",
          "checksum": "29522c59f3e23c4767f6fa62c83f6c0c"
        },
        {
          "type": "image",
          "assetId": "RPBV81mI8ueB",
          "checksum": "0e02fd1920b88f9efb37305dde99f272"
        },
        {
          "type": "image",
          "assetId": "U_cw3ymfh31v",
          "checksum": "1fc6398570393f57c78abc56d4001edf"
        },
        {
          "type": "image",
          "assetId": "5uAH6JGZtSb-",
          "checksum": "e5d5d7bf0b6f087e28bada478753fea3"
        },
        {
          "type": "image",
          "assetId": "UxlzhC7ipPut",
          "checksum": "a0af0a2dc4b7c6787ea988ca39b12d39"
        },
        {
          "type": "image",
          "assetId": "bZIyJWruB7d5",
          "checksum": "715f93ceaf1f8de6845d74916de3c4c6"
        },
        {
          "type": "image",
          "assetId": "1vWX7rIifnQf",
          "checksum": "72e47ebd28c5b653b94026aa80c3e54d"
        },
        {
          "type": "image",
          "assetId": "hKQ1qHWjGc6v",
          "checksum": "5233a8a61b0c5b0ccfe798cc4a82dd46"
        },
        {
          "type": "image",
          "assetId": "ZKiqBHY-JObK",
          "checksum": "5a0eb44e8118744c50d6fedd5a45f9ef"
        },
        {
          "type": "image",
          "assetId": "KsPzroi1jAfi",
          "checksum": "5724956a8e2818efa6834f420ef1944a"
        },
        {
          "type": "image",
          "assetId": "IkvGr5pnwx2K",
          "checksum": "7ed551aaa8f9fecb758e91903caa6677"
        },
        {
          "type": "image",
          "assetId": "jFerVGnw4BO9",
          "checksum": "4a0b07e10d4685762f00cd0c073c17ca"
        },
        {
          "type": "image",
          "assetId": "07G1ueabURKB",
          "checksum": "9853f4d1515ecb0b6b0596216eeb4444"
        },
        {
          "type": "image",
          "assetId": "0drJ8sgYkbZw",
          "checksum": "2ca8fbb31db88b08f304c054fe95b0cb"
        },
        {
          "type": "image",
          "assetId": "xnFcxy8EBg-l",
          "checksum": "4d3985071ad2346acac0c59071f24ddc"
        },
        {
          "type": "image",
          "assetId": "7VdZ0wNfEKE_",
          "checksum": "0fb9b0aa7d8f7d1add3eccd4de96eccc"
        },
        {
          "type": "image",
          "assetId": "c2Y05iXxHpBP",
          "checksum": "3eb752d88915c02b4121b03559cfc1df"
        },
        {
          "type": "image",
          "assetId": "j7vlAi7wdEHP",
          "checksum": "800f93809d6586407f84dcc1ee3948ce"
        },
        {
          "type": "image",
          "assetId": "HtR9PBDIn-aZ",
          "checksum": "7763e6dfa5238e1d67b53c205affc564"
        },
        {
          "type": "image",
          "assetId": "P2ro9tZmnroH",
          "checksum": "9fea17e24e99d7afd212f48b96ca628a"
        },
        {
          "type": "image",
          "assetId": "2c34mwyWKOQf",
          "checksum": "25090cbbac1de207f536562fe5a49f21"
        },
        {
          "type": "image",
          "assetId": "Bl9SmtwMkmN2",
          "checksum": "40effb927365d2b526002af0b075798a"
        },
        {
          "type": "image",
          "assetId": "OAmZrfQVCBcA",
          "checksum": "d13bae1e8de861350d88895558ef06cf"
        },
        {
          "type": "image",
          "assetId": "sA0Fq06MeuNJ",
          "checksum": "14e3bd1f0b25f4dee5a0dafcb30c78f4"
        },
        {
          "type": "image",
          "assetId": "RcUDlMms_6tL",
          "checksum": "43cd9d78d9f792cf35e00f44cafa5bdb"
        },
        {
          "type": "image",
          "assetId": "2AHSoKNvpgsk",
          "checksum": "ce87c136b91ec5b3c8a9310eac6c56f3"
        },
        {
          "type": "image",
          "assetId": "rX8pFXqiG7DS",
          "checksum": "615d15222ca7a88a88d1de69468b9001"
        },
        {
          "type": "image",
          "assetId": "rQLkeYUPeTY6",
          "checksum": "f51a50d14b324838508f7b81a98b5260"
        },
        {
          "type": "image",
          "assetId": "wfg6pBimwWgO",
          "checksum": "1af06650c03b67277a5317ec70f64dda"
        },
        {
          "type": "image",
          "assetId": "00fTk7TF7IX6",
          "checksum": "01470fbae0e59ea66c7ba2f4b8c4c04c"
        },
        {
          "type": "image",
          "assetId": "99P8c26fSYZP",
          "checksum": "c245924263fd6bec2f51edbb578dd2f1"
        },
        {
          "type": "image",
          "assetId": "sXXGuobfwJ_a",
          "checksum": "96d2ee5c101ba860cad8e4c5f73e2a2e"
        },
        {
          "type": "image",
          "assetId": "TyN4UKQ1u1IX",
          "checksum": "0fbf0c36fe5cf8fa2e9e80d1d5f73af1"
        },
        {
          "type": "image",
          "assetId": "mbV5crGSGTDg",
          "checksum": "41b34fd6ae6bed8dd96ae893aeecfdb3"
        }
      ],
      "codegenVersion": "0.0.1"
    }
  ],
  "cliVersion": "0.1.318"
}
